
Microsoft Visual Studio Solution File, Format Version 12.00
# Visual Studio Version 16
VisualStudioVersion = 25.0.1706.0
MinimumVisualStudioVersion = 10.0.40219.1
Project("{FAE04EC0-301F-11D3-BF4B-00C04F79EFBC}") = "AnimalService", "Services\AnimalService\AnimalService.csproj", "{5E881936-207F-454F-BD26-BF2712544234}"
EndProject
Project("{FAE04EC0-301F-11D3-BF4B-00C04F79EFBC}") = "SearchService", "Services\SearchService\SearchService.csproj", "{F2BEC940-BBD5-4C35-ACE5-771B368AB5FC}"
EndProject
Project("{FAE04EC0-301F-11D3-BF4B-00C04F79EFBC}") = "Events", "Services\Events\Events.csproj", "{217C04F3-9FB5-46DD-9D8F-DF53BF0662DA}"
EndProject
Global
	GlobalSection(SolutionConfigurationPlatforms) = preSolution
		Debug|Any CPU = Debug|Any CPU
		Release|Any CPU = Release|Any CPU
	EndGlobalSection
	GlobalSection(ProjectConfigurationPlatforms) = postSolution
		{5E881936-207F-454F-BD26-BF2712544234}.Debug|Any CPU.ActiveCfg = Debug|Any CPU
		{5E881936-207F-454F-BD26-BF2712544234}.Debug|Any CPU.Build.0 = Debug|Any CPU
		{5E881936-207F-454F-BD26-BF2712544234}.Release|Any CPU.ActiveCfg = Release|Any CPU
		{5E881936-207F-454F-BD26-BF2712544234}.Release|Any CPU.Build.0 = Release|Any CPU
		{F2BEC940-BBD5-4C35-ACE5-771B368AB5FC}.Debug|Any CPU.ActiveCfg = Debug|Any CPU
		{F2BEC940-BBD5-4C35-ACE5-771B368AB5FC}.Debug|Any CPU.Build.0 = Debug|Any CPU
		{F2BEC940-BBD5-4C35-ACE5-771B368AB5FC}.Release|Any CPU.ActiveCfg = Release|Any CPU
		{F2BEC940-BBD5-4C35-ACE5-771B368AB5FC}.Release|Any CPU.Build.0 = Release|Any CPU
		{217C04F3-9FB5-46DD-9D8F-DF53BF0662DA}.Debug|Any CPU.ActiveCfg = Debug|Any CPU
		{217C04F3-9FB5-46DD-9D8F-DF53BF0662DA}.Debug|Any CPU.Build.0 = Debug|Any CPU
		{217C04F3-9FB5-46DD-9D8F-DF53BF0662DA}.Release|Any CPU.ActiveCfg = Release|Any CPU
		{217C04F3-9FB5-46DD-9D8F-DF53BF0662DA}.Release|Any CPU.Build.0 = Release|Any CPU
	EndGlobalSection
	GlobalSection(SolutionProperties) = preSolution
		HideSolutionNode = FALSE
	EndGlobalSection
	GlobalSection(ExtensibilityGlobals) = postSolution
		SolutionGuid = {C3AC4329-4DAB-4198-9BC7-94BAC9B01ED5}
	EndGlobalSection
EndGlobal
